{
  "name": "kontent-gatsby-benchmark",
  "version": "0.1.0",
  "lockfileVersion": 1,
  "requires": true,
  "dependencies": {
    "@kentico/gatsby-source-kontent": {
      "version": "6.0.1",
      "resolved": "https://registry.npmjs.org/@kentico/gatsby-source-kontent/-/gatsby-source-kontent-6.0.1.tgz",
      "integrity": "sha512-qk4hsNwKGNnvZbfrMToc7y+QN1BbgexSSOl/omNbWnhUi9jm8/bP3/B3lVhntV9yEf0ZVVJO7Yfpl25PsVPPlg==",
      "requires": {
        "@kentico/kontent-webhook-helper": "^1.1.0",
        "@types/fs-extra": "^8.0.1",
        "axios": "^0.19.2",
        "fs-extra": "^8.1.0",
        "lodash": "^4.17.15",
        "retry-axios": "^2.1.2"
      }
    },
    "@kentico/kontent-webhook-helper": {
      "version": "1.1.0",
      "resolved": "https://registry.npmjs.org/@kentico/kontent-webhook-helper/-/kontent-webhook-helper-1.1.0.tgz",
      "integrity": "sha512-osnBOf3HhogCM+aQne5JIIJFmy2jaPuwSpQCYdoL807U8jbX8F6uICP0J9aftdVyZVSowB63MyjK8kpM/nYP9w=="
    },
    "@types/fs-extra": {
      "version": "8.1.1",
      "resolved": "https://registry.npmjs.org/@types/fs-extra/-/fs-extra-8.1.1.tgz",
      "integrity": "sha512-TcUlBem321DFQzBNuz8p0CLLKp0VvF/XH9E4KHNmgwyp4E3AfgI5cjiIVZWlbfThBop2qxFIh4+LeY6hVWWZ2w==",
      "requires": {
        "@types/node": "*"
      }
    },
    "@types/node": {
      "version": "14.0.5",
      "resolved": "https://registry.npmjs.org/@types/node/-/node-14.0.5.tgz",
      "integrity": "sha512-90hiq6/VqtQgX8Sp0EzeIsv3r+ellbGj4URKj5j30tLlZvRUpnAe9YbYnjl3pJM93GyXU0tghHhvXHq+5rnCKA=="
    },
    "axios": {
      "version": "0.19.2",
      "resolved": "https://registry.npmjs.org/axios/-/axios-0.19.2.tgz",
      "integrity": "sha512-fjgm5MvRHLhx+osE2xoekY70AhARk3a6hkN+3Io1jc00jtquGvxYlKlsFUhmUET0V5te6CcZI7lcv2Ym61mjHA==",
      "requires": {
        "follow-redirects": "1.5.10"
      }
    },
    "debug": {
      "version": "3.1.0",
      "resolved": "https://registry.npmjs.org/debug/-/debug-3.1.0.tgz",
      "integrity": "sha512-OX8XqP7/1a9cqkxYw2yXss15f26NKWBpDXQd0/uK/KPqdQhxbPa994hnzjcE2VqQpDslf55723cKPUOGSmMY3g==",
      "requires": {
        "ms": "2.0.0"
      }
    },
    "follow-redirects": {
      "version": "1.5.10",
      "resolved": "https://registry.npmjs.org/follow-redirects/-/follow-redirects-1.5.10.tgz",
      "integrity": "sha512-0V5l4Cizzvqt5D44aTXbFZz+FtyXV1vrDN6qrelxtfYQKW0KO0W2T/hkE8xvGa/540LkZlkaUjO4ailYTFtHVQ==",
      "requires": {
        "debug": "=3.1.0"
      }
    },
    "fs-extra": {
      "version": "8.1.0",
      "resolved": "https://registry.npmjs.org/fs-extra/-/fs-extra-8.1.0.tgz",
      "integrity": "sha512-yhlQgA6mnOJUKOsRUFsgJdQCvkKhcz8tlZG5HBQfReYZy46OwLcY+Zia0mtdHsOo9y/hP+CxMN0TU9QxoOtG4g==",
      "requires": {
        "graceful-fs": "^4.2.0",
        "jsonfile": "^4.0.0",
        "universalify": "^0.1.0"
      }
    },
    "graceful-fs": {
      "version": "4.2.4",
      "resolved": "https://registry.npmjs.org/graceful-fs/-/graceful-fs-4.2.4.tgz",
      "integrity": "sha512-WjKPNJF79dtJAVniUlGGWHYGz2jWxT6VhN/4m1NdkbZ2nOsEF+cI1Edgql5zCRhs/VsQYRvrXctxktVXZUkixw=="
    },
    "jsonfile": {
      "version": "4.0.0",
      "resolved": "https://registry.npmjs.org/jsonfile/-/jsonfile-4.0.0.tgz",
      "integrity": "sha1-h3Gq4HmbZAdrdmQPygWPnBDjPss=",
      "requires": {
        "graceful-fs": "^4.1.6"
      }
    },
    "lodash": {
      "version": "4.17.15",
      "resolved": "https://registry.npmjs.org/lodash/-/lodash-4.17.15.tgz",
      "integrity": "sha512-8xOcRHvCjnocdS5cpwXQXVzmmh5e5+saE2QGoeQmbKmRS6J3VQppPOIt0MnmE+4xlZoumy0GPG0D0MVIQbNA1A=="
    },
    "ms": {
      "version": "2.0.0",
      "resolved": "https://registry.npmjs.org/ms/-/ms-2.0.0.tgz",
      "integrity": "sha1-VgiurfwAvmwpAd9fmGF4jeDVl8g="
    },
    "retry-axios": {
      "version": "2.2.0",
      "resolved": "https://registry.npmjs.org/retry-axios/-/retry-axios-2.2.0.tgz",
      "integrity": "sha512-paZhvLQnRNdh22Ogt4OEcUWj5rRWBxzSqtAU+watni2/95uNLYJ8Rjsbl3NWrt/fPM+DxK0o1MCvyoEg/zT+Iw=="
    },
    "universalify": {
      "version": "0.1.2",
      "resolved": "https://registry.npmjs.org/universalify/-/universalify-0.1.2.tgz",
      "integrity": "sha512-rBJeI5CXAlmy1pV+617WB9J63U6XcazHHF2f2dbJix4XzpUF0RS3Zbj0FGIOCAva5P/d/GBOYaACQ1w+0azUkg=="
    }
  }
}
